
Microsoft Visual Studio Solution File, Format Version 12.00
# Visual Studio Version 17
VisualStudioVersion = 17.9.34728.123
MinimumVisualStudioVersion = 10.0.40219.1
Project("{FAE04EC0-301F-11D3-BF4B-00C04F79EFBC}") = "GVLinQOptimizer", "GVLinQOptimizer\GVLinQOptimizer.csproj", "{201EFF66-37C1-4F20-A02E-4A339CD7401F}"
EndProject
Global
	GlobalSection(SolutionConfigurationPlatforms) = preSolution
		Debug|Any CPU = Debug|Any CPU
		Release|Any CPU = Release|Any CPU
	EndGlobalSection
	GlobalSection(ProjectConfigurationPlatforms) = postSolution
		{201EFF66-37C1-4F20-A02E-4A339CD7401F}.Debug|Any CPU.ActiveCfg = Debug|Any CPU
		{201EFF66-37C1-4F20-A02E-4A339CD7401F}.Debug|Any CPU.Build.0 = Debug|Any CPU
		{201EFF66-37C1-4F20-A02E-4A339CD7401F}.Release|Any CPU.ActiveCfg = Release|Any CPU
		{201EFF66-37C1-4F20-A02E-4A339CD7401F}.Release|Any CPU.Build.0 = Release|Any CPU
	EndGlobalSection
	GlobalSection(SolutionProperties) = preSolution
		HideSolutionNode = FALSE
	EndGlobalSection
	GlobalSection(ExtensibilityGlobals) = postSolution
		SolutionGuid = {FBA45BDD-6BB0-4219-A3D4-892E0D5D42FC}
	EndGlobalSection
EndGlobal
